Microsoft Visual Studio Solution File, Format Version 12.00
# Visual Studio Version 17
VisualStudioVersion = 17.5.2.0
MinimumVisualStudioVersion = 10.0.40219.1
Project("{FAE04EC0-301F-11D3-BF4B-00C04F79EFBC}") = "AiConsoleApp", "AiConsoleApp\AiConsoleApp.csproj", "{1530B374-E19C-2980-49B4-350FBFFD64D2}"
EndProject
Global
	GlobalSection(SolutionConfigurationPlatforms) = preSolution
		Debug|Any CPU = Debug|Any CPU
		Release|Any CPU = Release|Any CPU
	EndGlobalSection
	GlobalSection(ProjectConfigurationPlatforms) = postSolution
		{1530B374-E19C-2980-49B4-350FBFFD64D2}.Debug|Any CPU.ActiveCfg = Debug|Any CPU
		{1530B374-E19C-2980-49B4-350FBFFD64D2}.Debug|Any CPU.Build.0 = Debug|Any CPU
		{1530B374-E19C-2980-49B4-350FBFFD64D2}.Release|Any CPU.ActiveCfg = Release|Any CPU
		{1530B374-E19C-2980-49B4-350FBFFD64D2}.Release|Any CPU.Build.0 = Release|Any CPU
	EndGlobalSection
	GlobalSection(SolutionProperties) = preSolution
		HideSolutionNode = FALSE
	EndGlobalSection
	GlobalSection(ExtensibilityGlobals) = postSolution
		SolutionGuid = {F035C963-8E23-450A-920F-BB682D59E0A6}
	EndGlobalSection
EndGlobal
